
Microsoft Visual Studio Solution File, Format Version 12.00
# Visual Studio Version 17
VisualStudioVersion = 17.11.35222.181
MinimumVisualStudioVersion = 10.0.40219.1
Project("{FAE04EC0-301F-11D3-BF4B-00C04F79EFBC}") = "De02", "De02\De02.csproj", "{2FD40D60-1C5E-48DF-91A7-224E65753F8D}"
EndProject
Global
	GlobalSection(SolutionConfigurationPlatforms) = preSolution
		Debug|Any CPU = Debug|Any CPU
		Release|Any CPU = Release|Any CPU
	EndGlobalSection
	GlobalSection(ProjectConfigurationPlatforms) = postSolution
		{2FD40D60-1C5E-48DF-91A7-224E65753F8D}.Debug|Any CPU.ActiveCfg = Debug|Any CPU
		{2FD40D60-1C5E-48DF-91A7-224E65753F8D}.Debug|Any CPU.Build.0 = Debug|Any CPU
		{2FD40D60-1C5E-48DF-91A7-224E65753F8D}.Release|Any CPU.ActiveCfg = Release|Any CPU
		{2FD40D60-1C5E-48DF-91A7-224E65753F8D}.Release|Any CPU.Build.0 = Release|Any CPU
	EndGlobalSection
	GlobalSection(SolutionProperties) = preSolution
		HideSolutionNode = FALSE
	EndGlobalSection
	GlobalSection(ExtensibilityGlobals) = postSolution
		SolutionGuid = {B63C11EC-5F15-410A-A9FC-69C02E8A8071}
	EndGlobalSection
EndGlobal
